
Microsoft Visual Studio Solution File, Format Version 12.00
# Visual Studio 14
VisualStudioVersion = 14.0.25123.0
MinimumVisualStudioVersion = 10.0.40219.1
Project("{FAE04EC0-301F-11D3-BF4B-00C04F79EFBC}") = "Loot3Vorbereitung", "Loot3Vorbereitung\Loot3Vorbereitung.csproj", "{DF2D067F-3938-457F-B48D-53AE7C04C28C}"
EndProject
Project("{FAE04EC0-301F-11D3-BF4B-00C04F79EFBC}") = "Loot3Framework", "LootLibrary\Loot3Framework.csproj", "{60142E27-BC79-469A-B8FC-2344743D32F6}"
EndProject
Global
	GlobalSection(SolutionConfigurationPlatforms) = preSolution
		Debug|Any CPU = Debug|Any CPU
		Release|Any CPU = Release|Any CPU
	EndGlobalSection
	GlobalSection(ProjectConfigurationPlatforms) = postSolution
		{DF2D067F-3938-457F-B48D-53AE7C04C28C}.Debug|Any CPU.ActiveCfg = Debug|Any CPU
		{DF2D067F-3938-457F-B48D-53AE7C04C28C}.Debug|Any CPU.Build.0 = Debug|Any CPU
		{DF2D067F-3938-457F-B48D-53AE7C04C28C}.Release|Any CPU.ActiveCfg = Release|Any CPU
		{DF2D067F-3938-457F-B48D-53AE7C04C28C}.Release|Any CPU.Build.0 = Release|Any CPU
		{60142E27-BC79-469A-B8FC-2344743D32F6}.Debug|Any CPU.ActiveCfg = Debug|Any CPU
		{60142E27-BC79-469A-B8FC-2344743D32F6}.Debug|Any CPU.Build.0 = Debug|Any CPU
		{60142E27-BC79-469A-B8FC-2344743D32F6}.Release|Any CPU.ActiveCfg = Release|Any CPU
		{60142E27-BC79-469A-B8FC-2344743D32F6}.Release|Any CPU.Build.0 = Release|Any CPU
	EndGlobalSection
	GlobalSection(SolutionProperties) = preSolution
		HideSolutionNode = FALSE
	EndGlobalSection
EndGlobal
